github.com/dimfeld/httptreemux/v5 v5.4.0 h1:IiHYEjh+A7pYbhWyjmGnj5HZK6gpOOvyBXCJ+BE8/Gs=
github.com/dimfeld/httptreemux/v5 v5.4.0/go.mod h1:QeEylH57C0v3VO0tkKraVz9oD3Uu93CKPnTLbsidvSw=
github.com/google/uuid v1.3.0 h1:t6JiXgmwXMjEs8VusXIJk2BXHsn+wx8BZdTaoZ5fu7I=
github.com/google/uuid v1.3.0/go.mod h1:TIyPZe4MgqvfeYDBFedMoGGpEw/LqOeaOT+nhxU+yHo=
github.com/gorilla/websocket v1.5.0 h1:PPwGk2jz7EePpoHN/+ClbZu8SPxiqlu12wZP/3sWmnc=
github.com/gorilla/websocket v1.5.0/go.mod h1:YR8l580nyteQvAITg2hZ9XVh4b55+EU/adAjf1fMHhE=
github.com/gregwebs/errcode v0.30.0 h1:1XylZmRfmHXxaLwG6eC1ZgIrVl66N/av+x3R8bTCHsU=
github.com/gregwebs/errcode v0.30.0/go.mod h1:+Yk7XHN3ra/h8ZNQu33ynSog3Vjn3MVR6HgRwEslgSM=
github.com/gregwebs/errors v1.40.1 h1:xL9Xh5kz95K/hWuieLQfluH501iVJWm57XgljZrs2yI=
github.com/gregwebs/errors v1.40.1/go.mod h1:uBv4YWGzx8CH5zX4yVeYx2qnFUl1Hog/5ESOgYXyAZQ=
github.com/gregwebs/errors/errwrap v0.1.1 h1:6tW81ugkhnAtoY81AS/OxwU5gu/5Ug/F9unLsWIzRU8=
github.com/gregwebs/errors/errwrap v0.1.1/go.mod h1:Xqoa1jjxE/0w8gjUTyRQEOXrG8d+sAwQmZEwnUyTtig=
github.com/gregwebs/errors/slogerr v0.1.1 h1:QES6SiI2MRNUCsWzxIweSdHQ6ep9iVv6FH/AEggzLrk=
github.com/gregwebs/errors/slogerr v0.1.1/go.mod h1:emBiGGVdfUO1UnPUCvgkN49Y2eL+EClImkMR+4Iq0rY=
github.com/gregwebs/stackfmt v0.1.1 h1:bqHZv69OGARsyNPD4tJfkJnu5oWjA86dISQKKfFt98A=
github.com/gregwebs/stackfmt v0.1.1/go.mod h1:MQWvus3s9juULflTEiFIllieKiz7AnX7i4HWyPOs2nQ=
github.com/hashicorp/errwrap v1.0.0/go.mod h1:YH+1FKiLXxHSkmPseP+kNlulaMuP3n2brvKWEqk/Jc4=
github.com/hashicorp/errwrap v1.1.0 h1:OxrOeh75EUXMY8TBjag2fzXGZ40LB6IKw45YeGUDY2I=
github.com/hashicorp/errwrap v1.1.0/go.mod h1:YH+1FKiLXxHSkmPseP+kNlulaMuP3n2brvKWEqk/Jc4=
github.com/hashicorp/go-multierror v1.1.1 h1:H5DkEtf6CXdFp0N0Em5UCwQpXMWke8IA0+lD48awMYo=
github.com/hashicorp/go-multierror v1.1.1/go.mod h1:iw975J/qwKPdAO1clOe2L8331t/9/fmwbPZ6JB6eMoM=
goa.design/goa/v3 v3.10.0 h1:LlvLucIfn7XSru3FN9ZZqnJVnSwhHaysVpbIbkMsrYk=
goa.design/goa/v3 v3.10.0/go.mod h1:TifRVfpRkwZvxOj01AadrsaTMuTCHVE1NnXoQT2g0cs=
