github.com/dimfeld/httptreemux/v5 v5.4.0 h1:IiHYEjh+A7pYbhWyjmGnj5HZK6gpOOvyBXCJ+BE8/Gs=
github.com/dimfeld/httptreemux/v5 v5.4.0/go.mod h1:QeEylH57C0v3VO0tkKraVz9oD3Uu93CKPnTLbsidvSw=
github.com/google/uuid v1.3.0 h1:t6JiXgmwXMjEs8VusXIJk2BXHsn+wx8BZdTaoZ5fu7I=
github.com/google/uuid v1.3.0/go.mod h1:TIyPZe4MgqvfeYDBFedMoGGpEw/LqOeaOT+nhxU+yHo=
github.com/gorilla/websocket v1.5.0 h1:PPwGk2jz7EePpoHN/+ClbZu8SPxiqlu12wZP/3sWmnc=
github.com/gorilla/websocket v1.5.0/go.mod h1:YR8l580nyteQvAITg2hZ9XVh4b55+EU/adAjf1fMHhE=
github.com/gregwebs/errcode v0.11.0 h1:LryRBQg6BnqJhPPf5mDLEhLkYLx3mZyRE6Z5QT8djQI=
github.com/gregwebs/errcode v0.11.0/go.mod h1:9hGdc/kIviyBxF9dq0APXLfaDq2IpYg+Wt4kCbk0cQI=
github.com/gregwebs/errors v1.0.0 h1:Ov7HzBs79i7TcqQnfxyxLT8gttpTzGT3cDq70J8zkpE=
github.com/gregwebs/errors v1.0.0/go.mod h1:hUKQdGWTRTHMeAXJudXmN/BMLe+L51MG+OnRz72ZeBc=
github.com/hashicorp/errwrap v1.0.0/go.mod h1:YH+1FKiLXxHSkmPseP+kNlulaMuP3n2brvKWEqk/Jc4=
github.com/hashicorp/errwrap v1.1.0 h1:OxrOeh75EUXMY8TBjag2fzXGZ40LB6IKw45YeGUDY2I=
github.com/hashicorp/errwrap v1.1.0/go.mod h1:YH+1FKiLXxHSkmPseP+kNlulaMuP3n2brvKWEqk/Jc4=
github.com/hashicorp/go-multierror v1.1.1 h1:H5DkEtf6CXdFp0N0Em5UCwQpXMWke8IA0+lD48awMYo=
github.com/hashicorp/go-multierror v1.1.1/go.mod h1:iw975J/qwKPdAO1clOe2L8331t/9/fmwbPZ6JB6eMoM=
goa.design/goa/v3 v3.10.0 h1:LlvLucIfn7XSru3FN9ZZqnJVnSwhHaysVpbIbkMsrYk=
goa.design/goa/v3 v3.10.0/go.mod h1:TifRVfpRkwZvxOj01AadrsaTMuTCHVE1NnXoQT2g0cs=
